
Microsoft Visual Studio Solution File, Format Version 12.00
# Visual Studio 15
VisualStudioVersion = 15.0.28307.421
MinimumVisualStudioVersion = 10.0.40219.1
Project("{FAE04EC0-301F-11D3-BF4B-00C04F79EFBC}") = "PWGen", "PWGen\PWGen.csproj", "{5347521C-404E-45C3-8FCD-226B7AA5612C}"
EndProject
Project("{FAE04EC0-301F-11D3-BF4B-00C04F79EFBC}") = "PWGenW", "PWGenW\PWGenW.csproj", "{FBB7EBDB-6CBA-468B-AC0A-02BBE1BDB0A6}"
EndProject
Global
	GlobalSection(SolutionConfigurationPlatforms) = preSolution
		Debug|Any CPU = Debug|Any CPU
		Release|Any CPU = Release|Any CPU
	EndGlobalSection
	GlobalSection(ProjectConfigurationPlatforms) = postSolution
		{5347521C-404E-45C3-8FCD-226B7AA5612C}.Debug|Any CPU.ActiveCfg = Debug|Any CPU
		{5347521C-404E-45C3-8FCD-226B7AA5612C}.Debug|Any CPU.Build.0 = Debug|Any CPU
		{5347521C-404E-45C3-8FCD-226B7AA5612C}.Release|Any CPU.ActiveCfg = Release|Any CPU
		{5347521C-404E-45C3-8FCD-226B7AA5612C}.Release|Any CPU.Build.0 = Release|Any CPU
		{FBB7EBDB-6CBA-468B-AC0A-02BBE1BDB0A6}.Debug|Any CPU.ActiveCfg = Debug|Any CPU
		{FBB7EBDB-6CBA-468B-AC0A-02BBE1BDB0A6}.Debug|Any CPU.Build.0 = Debug|Any CPU
		{FBB7EBDB-6CBA-468B-AC0A-02BBE1BDB0A6}.Release|Any CPU.ActiveCfg = Release|Any CPU
		{FBB7EBDB-6CBA-468B-AC0A-02BBE1BDB0A6}.Release|Any CPU.Build.0 = Release|Any CPU
	EndGlobalSection
	GlobalSection(SolutionProperties) = preSolution
		HideSolutionNode = FALSE
	EndGlobalSection
	GlobalSection(ExtensibilityGlobals) = postSolution
		SolutionGuid = {CFABB517-CA8B-4053-BF54-29C7086697CF}
	EndGlobalSection
EndGlobal
